
Microsoft Visual Studio Solution File, Format Version 12.00
# Visual Studio Version 17
VisualStudioVersion = 17.11.35219.272
MinimumVisualStudioVersion = 10.0.40219.1
Project("{FAE04EC0-301F-11D3-BF4B-00C04F79EFBC}") = "Post", "Post.csproj", "{A54E58A7-C2A0-4238-902F-F7C2301685E4}"
EndProject
Global
	GlobalSection(SolutionConfigurationPlatforms) = preSolution
		Debug|Any CPU = Debug|Any CPU
		Release|Any CPU = Release|Any CPU
	EndGlobalSection
	GlobalSection(ProjectConfigurationPlatforms) = postSolution
		{A54E58A7-C2A0-4238-902F-F7C2301685E4}.Debug|Any CPU.ActiveCfg = Debug|Any CPU
		{A54E58A7-C2A0-4238-902F-F7C2301685E4}.Debug|Any CPU.Build.0 = Debug|Any CPU
		{A54E58A7-C2A0-4238-902F-F7C2301685E4}.Release|Any CPU.ActiveCfg = Release|Any CPU
		{A54E58A7-C2A0-4238-902F-F7C2301685E4}.Release|Any CPU.Build.0 = Release|Any CPU
	EndGlobalSection
	GlobalSection(SolutionProperties) = preSolution
		HideSolutionNode = FALSE
	EndGlobalSection
	GlobalSection(ExtensibilityGlobals) = postSolution
		SolutionGuid = {5C69860A-1319-46C3-B2DE-F030BF4C4E42}
	EndGlobalSection
EndGlobal
