
Microsoft Visual Studio Solution File, Format Version 12.00
# Visual Studio Version 17
VisualStudioVersion = 17.11.35327.3
MinimumVisualStudioVersion = 10.0.40219.1
Project("{FAE04EC0-301F-11D3-BF4B-00C04F79EFBC}") = "Figure5", "Figure5.csproj", "{602CECB6-C060-494D-A64E-319A07E778D6}"
EndProject
Global
	GlobalSection(SolutionConfigurationPlatforms) = preSolution
		Debug|Any CPU = Debug|Any CPU
		Release|Any CPU = Release|Any CPU
	EndGlobalSection
	GlobalSection(ProjectConfigurationPlatforms) = postSolution
		{602CECB6-C060-494D-A64E-319A07E778D6}.Debug|Any CPU.ActiveCfg = Debug|Any CPU
		{602CECB6-C060-494D-A64E-319A07E778D6}.Debug|Any CPU.Build.0 = Debug|Any CPU
		{602CECB6-C060-494D-A64E-319A07E778D6}.Release|Any CPU.ActiveCfg = Release|Any CPU
		{602CECB6-C060-494D-A64E-319A07E778D6}.Release|Any CPU.Build.0 = Release|Any CPU
	EndGlobalSection
	GlobalSection(SolutionProperties) = preSolution
		HideSolutionNode = FALSE
	EndGlobalSection
	GlobalSection(ExtensibilityGlobals) = postSolution
		SolutionGuid = {D28AD802-FF61-4746-8BEA-93B2B76309C2}
	EndGlobalSection
EndGlobal
