
Microsoft Visual Studio Solution File, Format Version 12.00
# Visual Studio Version 17
VisualStudioVersion = 17.11.35219.272
MinimumVisualStudioVersion = 10.0.40219.1
Project("{FAE04EC0-301F-11D3-BF4B-00C04F79EFBC}") = "Ingredient", "Ingredient.csproj", "{2B4A3911-5F73-4D29-ABDA-2244A0FE5163}"
EndProject
Global
	GlobalSection(SolutionConfigurationPlatforms) = preSolution
		Debug|Any CPU = Debug|Any CPU
		Release|Any CPU = Release|Any CPU
	EndGlobalSection
	GlobalSection(ProjectConfigurationPlatforms) = postSolution
		{2B4A3911-5F73-4D29-ABDA-2244A0FE5163}.Debug|Any CPU.ActiveCfg = Debug|Any CPU
		{2B4A3911-5F73-4D29-ABDA-2244A0FE5163}.Debug|Any CPU.Build.0 = Debug|Any CPU
		{2B4A3911-5F73-4D29-ABDA-2244A0FE5163}.Release|Any CPU.ActiveCfg = Release|Any CPU
		{2B4A3911-5F73-4D29-ABDA-2244A0FE5163}.Release|Any CPU.Build.0 = Release|Any CPU
	EndGlobalSection
	GlobalSection(SolutionProperties) = preSolution
		HideSolutionNode = FALSE
	EndGlobalSection
	GlobalSection(ExtensibilityGlobals) = postSolution
		SolutionGuid = {3EB8D241-1423-40E8-BB62-594F80F8FEB4}
	EndGlobalSection
EndGlobal
