
Microsoft Visual Studio Solution File, Format Version 12.00
# Visual Studio Version 17
VisualStudioVersion = 17.11.35327.3
MinimumVisualStudioVersion = 10.0.40219.1
Project("{FAE04EC0-301F-11D3-BF4B-00C04F79EFBC}") = "Figure1", "Figure1.csproj", "{F62D4FCA-E27C-4619-B040-F442F0A491D3}"
EndProject
Global
	GlobalSection(SolutionConfigurationPlatforms) = preSolution
		Debug|Any CPU = Debug|Any CPU
		Release|Any CPU = Release|Any CPU
	EndGlobalSection
	GlobalSection(ProjectConfigurationPlatforms) = postSolution
		{F62D4FCA-E27C-4619-B040-F442F0A491D3}.Debug|Any CPU.ActiveCfg = Debug|Any CPU
		{F62D4FCA-E27C-4619-B040-F442F0A491D3}.Debug|Any CPU.Build.0 = Debug|Any CPU
		{F62D4FCA-E27C-4619-B040-F442F0A491D3}.Release|Any CPU.ActiveCfg = Release|Any CPU
		{F62D4FCA-E27C-4619-B040-F442F0A491D3}.Release|Any CPU.Build.0 = Release|Any CPU
	EndGlobalSection
	GlobalSection(SolutionProperties) = preSolution
		HideSolutionNode = FALSE
	EndGlobalSection
	GlobalSection(ExtensibilityGlobals) = postSolution
		SolutionGuid = {3CB55E9F-C1D2-4DFF-AD53-37B8A2DB5C6D}
	EndGlobalSection
EndGlobal
